// !$*UTF8*$!
{
	archiveVersion = 1;
	classes = {
	};
	objectVersion = 55;
	objects = {

/* Begin PBXBuildFile section */
		140043802801AECF000D988D /* ShareTechMono-Regular.ttf in Resources */ = {isa = PBXBuildFile; fileRef = 1400437E2801AECF000D988D /* ShareTechMono-Regular.ttf */; };
		140043812801AECF000D988D /* ShareTech-Regular.ttf in Resources */ = {isa = PBXBuildFile; fileRef = 1400437F2801AECF000D988D /* ShareTech-Regular.ttf */; };
		140043842801AF6D000D988D /* Strings.swift in Sources */ = {isa = PBXBuildFile; fileRef = 140043832801AF6D000D988D /* Strings.swift */; };
		140043862801AF87000D988D /* UIFont+Extension.swift in Sources */ = {isa = PBXBuildFile; fileRef = 140043852801AF87000D988D /* UIFont+Extension.swift */; };
		140043882801B2BE000D988D /* UIColor+Extension.swift in Sources */ = {isa = PBXBuildFile; fileRef = 140043872801B2BE000D988D /* UIColor+Extension.swift */; };
		1400438A2801B54C000D988D /* UIView+Extension.swift in Sources */ = {isa = PBXBuildFile; fileRef = 140043892801B54C000D988D /* UIView+Extension.swift */; };
		1400438C2801C0B8000D988D /* UINavigationBarAppearance+Extension.swift in Sources */ = {isa = PBXBuildFile; fileRef = 1400438B2801C0B8000D988D /* UINavigationBarAppearance+Extension.swift */; };
		1491366827F6340C0078C921 /* AppDelegate.swift in Sources */ = {isa = PBXBuildFile; fileRef = 1491366727F6340C0078C921 /* AppDelegate.swift */; };
		1491366A27F6340C0078C921 /* SceneDelegate.swift in Sources */ = {isa = PBXBuildFile; fileRef = 1491366927F6340C0078C921 /* SceneDelegate.swift */; };
		1491366C27F6340C0078C921 /* CharacterDetailViewController.swift in Sources */ = {isa = PBXBuildFile; fileRef = 1491366B27F6340C0078C921 /* CharacterDetailViewController.swift */; };
		1491367127F634110078C921 /* Assets.xcassets in Resources */ = {isa = PBXBuildFile; fileRef = 1491367027F634110078C921 /* Assets.xcassets */; };
		1491367427F634110078C921 /* LaunchScreen.storyboard in Resources */ = {isa = PBXBuildFile; fileRef = 1491367227F634110078C921 /* LaunchScreen.storyboard */; };
		149BC4B027FB670300BA062B /* CharactersListPresenter.swift in Sources */ = {isa = PBXBuildFile; fileRef = 149BC4AA27FB670300BA062B /* CharactersListPresenter.swift */; };
		149BC4B127FB670300BA062B /* CharactersListWorker.swift in Sources */ = {isa = PBXBuildFile; fileRef = 149BC4AB27FB670300BA062B /* CharactersListWorker.swift */; };
		149BC4B227FB670300BA062B /* CharactersListRouter.swift in Sources */ = {isa = PBXBuildFile; fileRef = 149BC4AC27FB670300BA062B /* CharactersListRouter.swift */; };
		149BC4B327FB670300BA062B /* CharactersListModels.swift in Sources */ = {isa = PBXBuildFile; fileRef = 149BC4AD27FB670300BA062B /* CharactersListModels.swift */; };
		149BC4B427FB670300BA062B /* CharactersListViewController.swift in Sources */ = {isa = PBXBuildFile; fileRef = 149BC4AE27FB670300BA062B /* CharactersListViewController.swift */; };
		149BC4B527FB670300BA062B /* CharactersListInteractor.swift in Sources */ = {isa = PBXBuildFile; fileRef = 149BC4AF27FB670300BA062B /* CharactersListInteractor.swift */; };
		14B6368427FDEB2D00C26463 /* CharacterCell.swift in Sources */ = {isa = PBXBuildFile; fileRef = 14B6368327FDEB2D00C26463 /* CharacterCell.swift */; };
		14B6368727FDF10000C26463 /* UITableView+Extension.swift in Sources */ = {isa = PBXBuildFile; fileRef = 14B6368627FDF10000C26463 /* UITableView+Extension.swift */; };
		14B6368E27FE020D00C26463 /* CharacterListView.swift in Sources */ = {isa = PBXBuildFile; fileRef = 14B6368D27FE020D00C26463 /* CharacterListView.swift */; };
		14B6369027FE024600C26463 /* CharactersListViewFactory.swift in Sources */ = {isa = PBXBuildFile; fileRef = 14B6368F27FE024600C26463 /* CharactersListViewFactory.swift */; };
		14B6369227FE026300C26463 /* CharacterListAdapting.swift in Sources */ = {isa = PBXBuildFile; fileRef = 14B6369127FE026300C26463 /* CharacterListAdapting.swift */; };
		14D1518B2900159F0052AFEE /* UIImageView+Extension.swift in Sources */ = {isa = PBXBuildFile; fileRef = 14D1518A2900159E0052AFEE /* UIImageView+Extension.swift */; };
		14D1518D290015BC0052AFEE /* LoadingCell.swift in Sources */ = {isa = PBXBuildFile; fileRef = 14D1518C290015BC0052AFEE /* LoadingCell.swift */; };
		14D15190290016070052AFEE /* ImageCache.swift in Sources */ = {isa = PBXBuildFile; fileRef = 14D1518F290016070052AFEE /* ImageCache.swift */; };
		14D3AD222900D49F00C43845 /* Coordinator.swift in Sources */ = {isa = PBXBuildFile; fileRef = 14D3AD212900D49F00C43845 /* Coordinator.swift */; };
		14D3AD242900D4B900C43845 /* MainCoordinator.swift in Sources */ = {isa = PBXBuildFile; fileRef = 14D3AD232900D4B900C43845 /* MainCoordinator.swift */; };
		14D3AD272901628700C43845 /* CharacterDetailView.swift in Sources */ = {isa = PBXBuildFile; fileRef = 14D3AD262901628700C43845 /* CharacterDetailView.swift */; };
		14D3AD2B2901AB9500C43845 /* CharacterDetailViewFactory.swift in Sources */ = {isa = PBXBuildFile; fileRef = 14D3AD2A2901AB9500C43845 /* CharacterDetailViewFactory.swift */; };
		14D3AD2E2901AEB100C43845 /* CharacterDetailWorker.swift in Sources */ = {isa = PBXBuildFile; fileRef = 14D3AD2D2901AEB100C43845 /* CharacterDetailWorker.swift */; };
		14D3AD302901CBF300C43845 /* CharacterDetailInteractor.swift in Sources */ = {isa = PBXBuildFile; fileRef = 14D3AD2F2901CBF300C43845 /* CharacterDetailInteractor.swift */; };
		14D3AD322901CD5A00C43845 /* CharacterDetailModel.swift in Sources */ = {isa = PBXBuildFile; fileRef = 14D3AD312901CD5A00C43845 /* CharacterDetailModel.swift */; };
		14D3AD342901DC2500C43845 /* CharacterDetailPresenter.swift in Sources */ = {isa = PBXBuildFile; fileRef = 14D3AD332901DC2500C43845 /* CharacterDetailPresenter.swift */; };
		14D3AD3729022E0E00C43845 /* StatusView.swift in Sources */ = {isa = PBXBuildFile; fileRef = 14D3AD3629022E0E00C43845 /* StatusView.swift */; };
		14D3AD3929022FD700C43845 /* String+Extension.swift in Sources */ = {isa = PBXBuildFile; fileRef = 14D3AD3829022FD700C43845 /* String+Extension.swift */; };
		14D3AD3B2902B79E00C43845 /* SpecsView.swift in Sources */ = {isa = PBXBuildFile; fileRef = 14D3AD3A2902B79E00C43845 /* SpecsView.swift */; };
		14F17AFF27F9E3770031443A /* EndPoint.swift in Sources */ = {isa = PBXBuildFile; fileRef = 14F17AFE27F9E3770031443A /* EndPoint.swift */; };
		14F17B0727F9F3340031443A /* DataLoaderManager.swift in Sources */ = {isa = PBXBuildFile; fileRef = 14F17B0627F9F3340031443A /* DataLoaderManager.swift */; };
/* End PBXBuildFile section */

/* Begin PBXFileReference section */
		1400437E2801AECF000D988D /* ShareTechMono-Regular.ttf */ = {isa = PBXFileReference; lastKnownFileType = file; path = "ShareTechMono-Regular.ttf"; sourceTree = "<group>"; };
		1400437F2801AECF000D988D /* ShareTech-Regular.ttf */ = {isa = PBXFileReference; lastKnownFileType = file; path = "ShareTech-Regular.ttf"; sourceTree = "<group>"; };
		140043832801AF6D000D988D /* Strings.swift */ = {isa = PBXFileReference; lastKnownFileType = sourcecode.swift; path = Strings.swift; sourceTree = "<group>"; };
		140043852801AF87000D988D /* UIFont+Extension.swift */ = {isa = PBXFileReference; lastKnownFileType = sourcecode.swift; path = "UIFont+Extension.swift"; sourceTree = "<group>"; };
		140043872801B2BE000D988D /* UIColor+Extension.swift */ = {isa = PBXFileReference; lastKnownFileType = sourcecode.swift; path = "UIColor+Extension.swift"; sourceTree = "<group>"; };
		140043892801B54C000D988D /* UIView+Extension.swift */ = {isa = PBXFileReference; lastKnownFileType = sourcecode.swift; path = "UIView+Extension.swift"; sourceTree = "<group>"; };
		1400438B2801C0B8000D988D /* UINavigationBarAppearance+Extension.swift */ = {isa = PBXFileReference; lastKnownFileType = sourcecode.swift; path = "UINavigationBarAppearance+Extension.swift"; sourceTree = "<group>"; };
		1491366427F6340C0078C921 /* RickAndMortyCharacters.app */ = {isa = PBXFileReference; explicitFileType = wrapper.application; includeInIndex = 0; path = RickAndMortyCharacters.app; sourceTree = BUILT_PRODUCTS_DIR; };
		1491366727F6340C0078C921 /* AppDelegate.swift */ = {isa = PBXFileReference; lastKnownFileType = sourcecode.swift; path = AppDelegate.swift; sourceTree = "<group>"; };
		1491366927F6340C0078C921 /* SceneDelegate.swift */ = {isa = PBXFileReference; lastKnownFileType = sourcecode.swift; path = SceneDelegate.swift; sourceTree = "<group>"; };
		1491366B27F6340C0078C921 /* CharacterDetailViewController.swift */ = {isa = PBXFileReference; lastKnownFileType = sourcecode.swift; path = CharacterDetailViewController.swift; sourceTree = "<group>"; };
		1491367027F634110078C921 /* Assets.xcassets */ = {isa = PBXFileReference; lastKnownFileType = folder.assetcatalog; path = Assets.xcassets; sourceTree = "<group>"; };
		1491367327F634110078C921 /* Base */ = {isa = PBXFileReference; lastKnownFileType = file.storyboard; name = Base; path = Base.lproj/LaunchScreen.storyboard; sourceTree = "<group>"; };
		1491367527F634110078C921 /* Info.plist */ = {isa = PBXFileReference; lastKnownFileType = text.plist.xml; path = Info.plist; sourceTree = "<group>"; };
		149BC4AA27FB670300BA062B /* CharactersListPresenter.swift */ = {isa = PBXFileReference; lastKnownFileType = sourcecode.swift; path = CharactersListPresenter.swift; sourceTree = "<group>"; };
		149BC4AB27FB670300BA062B /* CharactersListWorker.swift */ = {isa = PBXFileReference; lastKnownFileType = sourcecode.swift; path = CharactersListWorker.swift; sourceTree = "<group>"; };
		149BC4AC27FB670300BA062B /* CharactersListRouter.swift */ = {isa = PBXFileReference; lastKnownFileType = sourcecode.swift; path = CharactersListRouter.swift; sourceTree = "<group>"; };
		149BC4AD27FB670300BA062B /* CharactersListModels.swift */ = {isa = PBXFileReference; lastKnownFileType = sourcecode.swift; path = CharactersListModels.swift; sourceTree = "<group>"; };
		149BC4AE27FB670300BA062B /* CharactersListViewController.swift */ = {isa = PBXFileReference; lastKnownFileType = sourcecode.swift; path = CharactersListViewController.swift; sourceTree = "<group>"; };
		149BC4AF27FB670300BA062B /* CharactersListInteractor.swift */ = {isa = PBXFileReference; lastKnownFileType = sourcecode.swift; path = CharactersListInteractor.swift; sourceTree = "<group>"; };
		14B6368327FDEB2D00C26463 /* CharacterCell.swift */ = {isa = PBXFileReference; lastKnownFileType = sourcecode.swift; path = CharacterCell.swift; sourceTree = "<group>"; };
		14B6368627FDF10000C26463 /* UITableView+Extension.swift */ = {isa = PBXFileReference; lastKnownFileType = sourcecode.swift; path = "UITableView+Extension.swift"; sourceTree = "<group>"; };
		14B6368D27FE020D00C26463 /* CharacterListView.swift */ = {isa = PBXFileReference; lastKnownFileType = sourcecode.swift; path = CharacterListView.swift; sourceTree = "<group>"; };
		14B6368F27FE024600C26463 /* CharactersListViewFactory.swift */ = {isa = PBXFileReference; lastKnownFileType = sourcecode.swift; path = CharactersListViewFactory.swift; sourceTree = "<group>"; };
		14B6369127FE026300C26463 /* CharacterListAdapting.swift */ = {isa = PBXFileReference; lastKnownFileType = sourcecode.swift; path = CharacterListAdapting.swift; sourceTree = "<group>"; };
		14D1518A2900159E0052AFEE /* UIImageView+Extension.swift */ = {isa = PBXFileReference; fileEncoding = 4; lastKnownFileType = sourcecode.swift; path = "UIImageView+Extension.swift"; sourceTree = "<group>"; };
		14D1518C290015BC0052AFEE /* LoadingCell.swift */ = {isa = PBXFileReference; fileEncoding = 4; lastKnownFileType = sourcecode.swift; path = LoadingCell.swift; sourceTree = "<group>"; };
		14D1518F290016070052AFEE /* ImageCache.swift */ = {isa = PBXFileReference; fileEncoding = 4; lastKnownFileType = sourcecode.swift; path = ImageCache.swift; sourceTree = "<group>"; };
		14D3AD212900D49F00C43845 /* Coordinator.swift */ = {isa = PBXFileReference; lastKnownFileType = sourcecode.swift; path = Coordinator.swift; sourceTree = "<group>"; };
		14D3AD232900D4B900C43845 /* MainCoordinator.swift */ = {isa = PBXFileReference; lastKnownFileType = sourcecode.swift; path = MainCoordinator.swift; sourceTree = "<group>"; };
		14D3AD262901628700C43845 /* CharacterDetailView.swift */ = {isa = PBXFileReference; lastKnownFileType = sourcecode.swift; path = CharacterDetailView.swift; sourceTree = "<group>"; };
		14D3AD2A2901AB9500C43845 /* CharacterDetailViewFactory.swift */ = {isa = PBXFileReference; lastKnownFileType = sourcecode.swift; path = CharacterDetailViewFactory.swift; sourceTree = "<group>"; };
		14D3AD2D2901AEB100C43845 /* CharacterDetailWorker.swift */ = {isa = PBXFileReference; lastKnownFileType = sourcecode.swift; path = CharacterDetailWorker.swift; sourceTree = "<group>"; };
		14D3AD2F2901CBF300C43845 /* CharacterDetailInteractor.swift */ = {isa = PBXFileReference; lastKnownFileType = sourcecode.swift; path = CharacterDetailInteractor.swift; sourceTree = "<group>"; };
		14D3AD312901CD5A00C43845 /* CharacterDetailModel.swift */ = {isa = PBXFileReference; lastKnownFileType = sourcecode.swift; path = CharacterDetailModel.swift; sourceTree = "<group>"; };
		14D3AD332901DC2500C43845 /* CharacterDetailPresenter.swift */ = {isa = PBXFileReference; lastKnownFileType = sourcecode.swift; path = CharacterDetailPresenter.swift; sourceTree = "<group>"; };
		14D3AD3629022E0E00C43845 /* StatusView.swift */ = {isa = PBXFileReference; lastKnownFileType = sourcecode.swift; path = StatusView.swift; sourceTree = "<group>"; };
		14D3AD3829022FD700C43845 /* String+Extension.swift */ = {isa = PBXFileReference; lastKnownFileType = sourcecode.swift; path = "String+Extension.swift"; sourceTree = "<group>"; };
		14D3AD3A2902B79E00C43845 /* SpecsView.swift */ = {isa = PBXFileReference; lastKnownFileType = sourcecode.swift; path = SpecsView.swift; sourceTree = "<group>"; };
		14F17AFE27F9E3770031443A /* EndPoint.swift */ = {isa = PBXFileReference; lastKnownFileType = sourcecode.swift; path = EndPoint.swift; sourceTree = "<group>"; };
		14F17B0627F9F3340031443A /* DataLoaderManager.swift */ = {isa = PBXFileReference; lastKnownFileType = sourcecode.swift; path = DataLoaderManager.swift; sourceTree = "<group>"; };
/* End PBXFileReference section */

/* Begin PBXFrameworksBuildPhase section */
		1491366127F6340C0078C921 /* Frameworks */ = {
			isa = PBXFrameworksBuildPhase;
			buildActionMask = 2147483647;
			files = (
			);
			runOnlyForDeploymentPostprocessing = 0;
		};
/* End PBXFrameworksBuildPhase section */

/* Begin PBXGroup section */
		1400437D2801AEA8000D988D /* Fonts */ = {
			isa = PBXGroup;
			children = (
				1400437F2801AECF000D988D /* ShareTech-Regular.ttf */,
				1400437E2801AECF000D988D /* ShareTechMono-Regular.ttf */,
			);
			path = Fonts;
			sourceTree = "<group>";
		};
		140043822801AF48000D988D /* Strings, Metrics n Styles */ = {
			isa = PBXGroup;
			children = (
				140043832801AF6D000D988D /* Strings.swift */,
			);
			path = "Strings, Metrics n Styles";
			sourceTree = "<group>";
		};
		147606A227F7639B00F3CD35 /* Sources */ = {
			isa = PBXGroup;
			children = (
				14D3AD202900D48F00C43845 /* Coordinator */,
				14F17B0027F9E68F0031443A /* Common */,
				147606A527F763F100F3CD35 /* Application */,
			);
			path = Sources;
			sourceTree = "<group>";
		};
		147606A327F763A400F3CD35 /* Resources */ = {
			isa = PBXGroup;
			children = (
				140043822801AF48000D988D /* Strings, Metrics n Styles */,
				1400437D2801AEA8000D988D /* Fonts */,
				1491367227F634110078C921 /* LaunchScreen.storyboard */,
				1491367027F634110078C921 /* Assets.xcassets */,
				1491367527F634110078C921 /* Info.plist */,
			);
			path = Resources;
			sourceTree = "<group>";
		};
		147606A427F763C200F3CD35 /* Delegate */ = {
			isa = PBXGroup;
			children = (
				1491366727F6340C0078C921 /* AppDelegate.swift */,
				1491366927F6340C0078C921 /* SceneDelegate.swift */,
			);
			path = Delegate;
			sourceTree = "<group>";
		};
		147606A527F763F100F3CD35 /* Application */ = {
			isa = PBXGroup;
			children = (
				14F17AFD27F9E1250031443A /* Service */,
				147606A427F763C200F3CD35 /* Delegate */,
				149BC4A827FB653200BA062B /* Scenes */,
			);
			path = Application;
			sourceTree = "<group>";
		};
		1491365B27F6340C0078C921 = {
			isa = PBXGroup;
			children = (
				1491366627F6340C0078C921 /* RickAndMortyCharacters */,
				1491366527F6340C0078C921 /* Products */,
			);
			sourceTree = "<group>";
		};
		1491366527F6340C0078C921 /* Products */ = {
			isa = PBXGroup;
			children = (
				1491366427F6340C0078C921 /* RickAndMortyCharacters.app */,
			);
			name = Products;
			sourceTree = "<group>";
		};
		1491366627F6340C0078C921 /* RickAndMortyCharacters */ = {
			isa = PBXGroup;
			children = (
				147606A327F763A400F3CD35 /* Resources */,
				147606A227F7639B00F3CD35 /* Sources */,
			);
			path = RickAndMortyCharacters;
			sourceTree = "<group>";
		};
		149BC4A827FB653200BA062B /* Scenes */ = {
			isa = PBXGroup;
			children = (
				14D3AD252901627400C43845 /* CharacterDetail */,
				149BC4A927FB669900BA062B /* CharactersList */,
			);
			name = Scenes;
			sourceTree = "<group>";
		};
		149BC4A927FB669900BA062B /* CharactersList */ = {
			isa = PBXGroup;
			children = (
				14B6368C27FE01DE00C26463 /* Service */,
				14B6368B27FE01D800C26463 /* Scene */,
				14B6368A27FE01D100C26463 /* View */,
				14B6368F27FE024600C26463 /* CharactersListViewFactory.swift */,
			);
			name = CharactersList;
			sourceTree = "<group>";
		};
		14B6368527FDF0E500C26463 /* Extensions */ = {
			isa = PBXGroup;
			children = (
				14B6368627FDF10000C26463 /* UITableView+Extension.swift */,
				140043852801AF87000D988D /* UIFont+Extension.swift */,
				140043872801B2BE000D988D /* UIColor+Extension.swift */,
				14D1518A2900159E0052AFEE /* UIImageView+Extension.swift */,
				140043892801B54C000D988D /* UIView+Extension.swift */,
				1400438B2801C0B8000D988D /* UINavigationBarAppearance+Extension.swift */,
				14D3AD3829022FD700C43845 /* String+Extension.swift */,
			);
			path = Extensions;
			sourceTree = "<group>";
		};
		14B6368A27FE01D100C26463 /* View */ = {
			isa = PBXGroup;
			children = (
				14B6368327FDEB2D00C26463 /* CharacterCell.swift */,
				14D1518C290015BC0052AFEE /* LoadingCell.swift */,
				14B6368D27FE020D00C26463 /* CharacterListView.swift */,
				14B6369127FE026300C26463 /* CharacterListAdapting.swift */,
			);
			name = View;
			sourceTree = "<group>";
		};
		14B6368B27FE01D800C26463 /* Scene */ = {
			isa = PBXGroup;
			children = (
				149BC4AA27FB670300BA062B /* CharactersListPresenter.swift */,
				149BC4AD27FB670300BA062B /* CharactersListModels.swift */,
				149BC4AE27FB670300BA062B /* CharactersListViewController.swift */,
				149BC4AF27FB670300BA062B /* CharactersListInteractor.swift */,
			);
			name = Scene;
			sourceTree = "<group>";
		};
		14B6368C27FE01DE00C26463 /* Service */ = {
			isa = PBXGroup;
			children = (
				149BC4AB27FB670300BA062B /* CharactersListWorker.swift */,
				149BC4AC27FB670300BA062B /* CharactersListRouter.swift */,
			);
			name = Service;
			sourceTree = "<group>";
		};
		14D1518E290016070052AFEE /* UI */ = {
			isa = PBXGroup;
			children = (
				14D1518F290016070052AFEE /* ImageCache.swift */,
			);
			path = UI;
			sourceTree = "<group>";
		};
		14D3AD202900D48F00C43845 /* Coordinator */ = {
			isa = PBXGroup;
			children = (
				14D3AD212900D49F00C43845 /* Coordinator.swift */,
				14D3AD232900D4B900C43845 /* MainCoordinator.swift */,
			);
			path = Coordinator;
			sourceTree = "<group>";
		};
		14D3AD252901627400C43845 /* CharacterDetail */ = {
			isa = PBXGroup;
			children = (
				14D3AD2C2901AE9B00C43845 /* Service */,
				1491366B27F6340C0078C921 /* CharacterDetailViewController.swift */,
				14D3AD3529022DF000C43845 /* View */,
				14D3AD2A2901AB9500C43845 /* CharacterDetailViewFactory.swift */,
				14D3AD2F2901CBF300C43845 /* CharacterDetailInteractor.swift */,
				14D3AD312901CD5A00C43845 /* CharacterDetailModel.swift */,
				14D3AD332901DC2500C43845 /* CharacterDetailPresenter.swift */,
			);
			name = CharacterDetail;
			sourceTree = "<group>";
		};
		14D3AD2C2901AE9B00C43845 /* Service */ = {
			isa = PBXGroup;
			children = (
				14D3AD2D2901AEB100C43845 /* CharacterDetailWorker.swift */,
			);
			name = Service;
			sourceTree = "<group>";
		};
		14D3AD3529022DF000C43845 /* View */ = {
			isa = PBXGroup;
			children = (
				14D3AD262901628700C43845 /* CharacterDetailView.swift */,
				14D3AD3629022E0E00C43845 /* StatusView.swift */,
				14D3AD3A2902B79E00C43845 /* SpecsView.swift */,
			);
			name = View;
			sourceTree = "<group>";
		};
		14F17AFD27F9E1250031443A /* Service */ = {
			isa = PBXGroup;
			children = (
				14F17AFE27F9E3770031443A /* EndPoint.swift */,
				14F17B0627F9F3340031443A /* DataLoaderManager.swift */,
			);
			path = Service;
			sourceTree = "<group>";
		};
		14F17B0027F9E68F0031443A /* Common */ = {
			isa = PBXGroup;
			children = (
				14D1518E290016070052AFEE /* UI */,
				14B6368527FDF0E500C26463 /* Extensions */,
			);
			path = Common;
			sourceTree = "<group>";
		};
/* End PBXGroup section */

/* Begin PBXNativeTarget section */
		1491366327F6340C0078C921 /* RickAndMortyCharacters */ = {
			isa = PBXNativeTarget;
			buildConfigurationList = 1491367827F634110078C921 /* Build configuration list for PBXNativeTarget "RickAndMortyCharacters" */;
			buildPhases = (
				1491366027F6340C0078C921 /* Sources */,
				1491366127F6340C0078C921 /* Frameworks */,
				1491366227F6340C0078C921 /* Resources */,
			);
			buildRules = (
			);
			dependencies = (
			);
			name = RickAndMortyCharacters;
			productName = RickAndMortyCharacters;
			productReference = 1491366427F6340C0078C921 /* RickAndMortyCharacters.app */;
			productType = "com.apple.product-type.application";
		};
/* End PBXNativeTarget section */

/* Begin PBXProject section */
		1491365C27F6340C0078C921 /* Project object */ = {
			isa = PBXProject;
			attributes = {
				BuildIndependentTargetsInParallel = 1;
				LastSwiftUpdateCheck = 1330;
				LastUpgradeCheck = 1330;
				TargetAttributes = {
					1491366327F6340C0078C921 = {
						CreatedOnToolsVersion = 13.3;
					};
				};
			};
			buildConfigurationList = 1491365F27F6340C0078C921 /* Build configuration list for PBXProject "RickAndMortyCharacters" */;
			compatibilityVersion = "Xcode 13.0";
			developmentRegion = en;
			hasScannedForEncodings = 0;
			knownRegions = (
				en,
				Base,
			);
			mainGroup = 1491365B27F6340C0078C921;
			productRefGroup = 1491366527F6340C0078C921 /* Products */;
			projectDirPath = "";
			projectRoot = "";
			targets = (
				1491366327F6340C0078C921 /* RickAndMortyCharacters */,
			);
		};
/* End PBXProject section */

/* Begin PBXResourcesBuildPhase section */
		1491366227F6340C0078C921 /* Resources */ = {
			isa = PBXResourcesBuildPhase;
			buildActionMask = 2147483647;
			files = (
				1491367427F634110078C921 /* LaunchScreen.storyboard in Resources */,
				1491367127F634110078C921 /* Assets.xcassets in Resources */,
				140043802801AECF000D988D /* ShareTechMono-Regular.ttf in Resources */,
				140043812801AECF000D988D /* ShareTech-Regular.ttf in Resources */,
			);
			runOnlyForDeploymentPostprocessing = 0;
		};
/* End PBXResourcesBuildPhase section */

/* Begin PBXSourcesBuildPhase section */
		1491366027F6340C0078C921 /* Sources */ = {
			isa = PBXSourcesBuildPhase;
			buildActionMask = 2147483647;
			files = (
				14D3AD322901CD5A00C43845 /* CharacterDetailModel.swift in Sources */,
				149BC4B427FB670300BA062B /* CharactersListViewController.swift in Sources */,
				14D3AD3729022E0E00C43845 /* StatusView.swift in Sources */,
				140043882801B2BE000D988D /* UIColor+Extension.swift in Sources */,
				14D1518D290015BC0052AFEE /* LoadingCell.swift in Sources */,
				14F17B0727F9F3340031443A /* DataLoaderManager.swift in Sources */,
				14B6368E27FE020D00C26463 /* CharacterListView.swift in Sources */,
				1491366C27F6340C0078C921 /* CharacterDetailViewController.swift in Sources */,
				14D3AD3929022FD700C43845 /* String+Extension.swift in Sources */,
				149BC4B227FB670300BA062B /* CharactersListRouter.swift in Sources */,
				149BC4B027FB670300BA062B /* CharactersListPresenter.swift in Sources */,
				140043862801AF87000D988D /* UIFont+Extension.swift in Sources */,
				1491366827F6340C0078C921 /* AppDelegate.swift in Sources */,
				14B6369227FE026300C26463 /* CharacterListAdapting.swift in Sources */,
				149BC4B527FB670300BA062B /* CharactersListInteractor.swift in Sources */,
				149BC4B127FB670300BA062B /* CharactersListWorker.swift in Sources */,
				149BC4B327FB670300BA062B /* CharactersListModels.swift in Sources */,
				140043842801AF6D000D988D /* Strings.swift in Sources */,
				14D3AD302901CBF300C43845 /* CharacterDetailInteractor.swift in Sources */,
				14D3AD342901DC2500C43845 /* CharacterDetailPresenter.swift in Sources */,
				14F17AFF27F9E3770031443A /* EndPoint.swift in Sources */,
				1400438C2801C0B8000D988D /* UINavigationBarAppearance+Extension.swift in Sources */,
				1491366A27F6340C0078C921 /* SceneDelegate.swift in Sources */,
				14D3AD272901628700C43845 /* CharacterDetailView.swift in Sources */,
				14D15190290016070052AFEE /* ImageCache.swift in Sources */,
				14D3AD2E2901AEB100C43845 /* CharacterDetailWorker.swift in Sources */,
				14B6368427FDEB2D00C26463 /* CharacterCell.swift in Sources */,
				14D1518B2900159F0052AFEE /* UIImageView+Extension.swift in Sources */,
				14B6368727FDF10000C26463 /* UITableView+Extension.swift in Sources */,
				14D3AD222900D49F00C43845 /* Coordinator.swift in Sources */,
				14D3AD2B2901AB9500C43845 /* CharacterDetailViewFactory.swift in Sources */,
				14D3AD242900D4B900C43845 /* MainCoordinator.swift in Sources */,
				1400438A2801B54C000D988D /* UIView+Extension.swift in Sources */,
				14D3AD3B2902B79E00C43845 /* SpecsView.swift in Sources */,
				14B6369027FE024600C26463 /* CharactersListViewFactory.swift in Sources */,
			);
			runOnlyForDeploymentPostprocessing = 0;
		};
/* End PBXSourcesBuildPhase section */

/* Begin PBXVariantGroup section */
		1491367227F634110078C921 /* LaunchScreen.storyboard */ = {
			isa = PBXVariantGroup;
			children = (
				1491367327F634110078C921 /* Base */,
			);
			name = LaunchScreen.storyboard;
			sourceTree = "<group>";
		};
/* End PBXVariantGroup section */

/* Begin XCBuildConfiguration section */
		1491367627F634110078C921 /* Debug */ = {
			isa = XCBuildConfiguration;
			buildSettings = {
				ALWAYS_SEARCH_USER_PATHS = NO;
				CLANG_ANALYZER_NONNULL = YES;
				CLANG_ANALYZER_NUMBER_OBJECT_CONVERSION = YES_AGGRESSIVE;
				CLANG_CXX_LANGUAGE_STANDARD = "gnu++17";
				CLANG_ENABLE_MODULES = YES;
				CLANG_ENABLE_OBJC_ARC = YES;
				CLANG_ENABLE_OBJC_WEAK = YES;
				CLANG_WARN_BLOCK_CAPTURE_AUTORELEASING = YES;
				CLANG_WARN_BOOL_CONVERSION = YES;
				CLANG_WARN_COMMA = YES;
				CLANG_WARN_CONSTANT_CONVERSION = YES;
				CLANG_WARN_DEPRECATED_OBJC_IMPLEMENTATIONS = YES;
				CLANG_WARN_DIRECT_OBJC_ISA_USAGE = YES_ERROR;
				CLANG_WARN_DOCUMENTATION_COMMENTS = YES;
				CLANG_WARN_EMPTY_BODY = YES;
				CLANG_WARN_ENUM_CONVERSION = YES;
				CLANG_WARN_INFINITE_RECURSION = YES;
				CLANG_WARN_INT_CONVERSION = YES;
				CLANG_WARN_NON_LITERAL_NULL_CONVERSION = YES;
				CLANG_WARN_OBJC_IMPLICIT_RETAIN_SELF = YES;
				CLANG_WARN_OBJC_LITERAL_CONVERSION = YES;
				CLANG_WARN_OBJC_ROOT_CLASS = YES_ERROR;
				CLANG_WARN_QUOTED_INCLUDE_IN_FRAMEWORK_HEADER = YES;
				CLANG_WARN_RANGE_LOOP_ANALYSIS = YES;
				CLANG_WARN_STRICT_PROTOTYPES = YES;
				CLANG_WARN_SUSPICIOUS_MOVE = YES;
				CLANG_WARN_UNGUARDED_AVAILABILITY = YES_AGGRESSIVE;
				CLANG_WARN_UNREACHABLE_CODE = YES;
				CLANG_WARN__DUPLICATE_METHOD_MATCH = YES;
				COPY_PHASE_STRIP = NO;
				DEBUG_INFORMATION_FORMAT = dwarf;
				ENABLE_STRICT_OBJC_MSGSEND = YES;
				ENABLE_TESTABILITY = YES;
				GCC_C_LANGUAGE_STANDARD = gnu11;
				GCC_DYNAMIC_NO_PIC = NO;
				GCC_NO_COMMON_BLOCKS = YES;
				GCC_OPTIMIZATION_LEVEL = 0;
				GCC_PREPROCESSOR_DEFINITIONS = (
					"DEBUG=1",
					"$(inherited)",
				);
				GCC_WARN_64_TO_32_BIT_CONVERSION = YES;
				GCC_WARN_ABOUT_RETURN_TYPE = YES_ERROR;
				GCC_WARN_UNDECLARED_SELECTOR = YES;
				GCC_WARN_UNINITIALIZED_AUTOS = YES_AGGRESSIVE;
				GCC_WARN_UNUSED_FUNCTION = YES;
				GCC_WARN_UNUSED_VARIABLE = YES;
				IPHONEOS_DEPLOYMENT_TARGET = 13.0;
				MTL_ENABLE_DEBUG_INFO = INCLUDE_SOURCE;
				MTL_FAST_MATH = YES;
				ONLY_ACTIVE_ARCH = YES;
				SDKROOT = iphoneos;
				SWIFT_ACTIVE_COMPILATION_CONDITIONS = DEBUG;
				SWIFT_OPTIMIZATION_LEVEL = "-Onone";
			};
			name = Debug;
		};
		1491367727F634110078C921 /* Release */ = {
			isa = XCBuildConfiguration;
			buildSettings = {
				ALWAYS_SEARCH_USER_PATHS = NO;
				CLANG_ANALYZER_NONNULL = YES;
				CLANG_ANALYZER_NUMBER_OBJECT_CONVERSION = YES_AGGRESSIVE;
				CLANG_CXX_LANGUAGE_STANDARD = "gnu++17";
				CLANG_ENABLE_MODULES = YES;
				CLANG_ENABLE_OBJC_ARC = YES;
				CLANG_ENABLE_OBJC_WEAK = YES;
				CLANG_WARN_BLOCK_CAPTURE_AUTORELEASING = YES;
				CLANG_WARN_BOOL_CONVERSION = YES;
				CLANG_WARN_COMMA = YES;
				CLANG_WARN_CONSTANT_CONVERSION = YES;
				CLANG_WARN_DEPRECATED_OBJC_IMPLEMENTATIONS = YES;
				CLANG_WARN_DIRECT_OBJC_ISA_USAGE = YES_ERROR;
				CLANG_WARN_DOCUMENTATION_COMMENTS = YES;
				CLANG_WARN_EMPTY_BODY = YES;
				CLANG_WARN_ENUM_CONVERSION = YES;
				CLANG_WARN_INFINITE_RECURSION = YES;
				CLANG_WARN_INT_CONVERSION = YES;
				CLANG_WARN_NON_LITERAL_NULL_CONVERSION = YES;
				CLANG_WARN_OBJC_IMPLICIT_RETAIN_SELF = YES;
				CLANG_WARN_OBJC_LITERAL_CONVERSION = YES;
				CLANG_WARN_OBJC_ROOT_CLASS = YES_ERROR;
				CLANG_WARN_QUOTED_INCLUDE_IN_FRAMEWORK_HEADER = YES;
				CLANG_WARN_RANGE_LOOP_ANALYSIS = YES;
				CLANG_WARN_STRICT_PROTOTYPES = YES;
				CLANG_WARN_SUSPICIOUS_MOVE = YES;
				CLANG_WARN_UNGUARDED_AVAILABILITY = YES_AGGRESSIVE;
				CLANG_WARN_UNREACHABLE_CODE = YES;
				CLANG_WARN__DUPLICATE_METHOD_MATCH = YES;
				COPY_PHASE_STRIP = NO;
				DEBUG_INFORMATION_FORMAT = "dwarf-with-dsym";
				ENABLE_NS_ASSERTIONS = NO;
				ENABLE_STRICT_OBJC_MSGSEND = YES;
				GCC_C_LANGUAGE_STANDARD = gnu11;
				GCC_NO_COMMON_BLOCKS = YES;
				GCC_WARN_64_TO_32_BIT_CONVERSION = YES;
				GCC_WARN_ABOUT_RETURN_TYPE = YES_ERROR;
				GCC_WARN_UNDECLARED_SELECTOR = YES;
				GCC_WARN_UNINITIALIZED_AUTOS = YES_AGGRESSIVE;
				GCC_WARN_UNUSED_FUNCTION = YES;
				GCC_WARN_UNUSED_VARIABLE = YES;
				IPHONEOS_DEPLOYMENT_TARGET = 13.0;
				MTL_ENABLE_DEBUG_INFO = NO;
				MTL_FAST_MATH = YES;
				SDKROOT = iphoneos;
				SWIFT_COMPILATION_MODE = wholemodule;
				SWIFT_OPTIMIZATION_LEVEL = "-O";
				VALIDATE_PRODUCT = YES;
			};
			name = Release;
		};
		1491367927F634110078C921 /* Debug */ = {
			isa = XCBuildConfiguration;
			buildSettings = {
				ASSETCATALOG_COMPILER_APPICON_NAME = AppIcon;
				ASSETCATALOG_COMPILER_GLOBAL_ACCENT_COLOR_NAME = AccentColor;
				CODE_SIGN_STYLE = Automatic;
				CURRENT_PROJECT_VERSION = 1;
				DEVELOPMENT_TEAM = 4957F54262;
				GENERATE_INFOPLIST_FILE = YES;
				INFOPLIST_FILE = RickAndMortyCharacters/Resources/Info.plist;
				INFOPLIST_KEY_UIApplicationSupportsIndirectInputEvents = YES;
				INFOPLIST_KEY_UILaunchStoryboardName = LaunchScreen;
				INFOPLIST_KEY_UIStatusBarStyle = UIStatusBarStyleLightContent;
				INFOPLIST_KEY_UISupportedInterfaceOrientations_iPad = "UIInterfaceOrientationPortrait UIInterfaceOrientationPortraitUpsideDown UIInterfaceOrientationLandscapeLeft UIInterfaceOrientationLandscapeRight";
				INFOPLIST_KEY_UISupportedInterfaceOrientations_iPhone = "UIInterfaceOrientationPortrait UIInterfaceOrientationLandscapeLeft UIInterfaceOrientationLandscapeRight";
				IPHONEOS_DEPLOYMENT_TARGET = 13.0;
				LD_RUNPATH_SEARCH_PATHS = (
					"$(inherited)",
					"@executable_path/Frameworks",
				);
				MARKETING_VERSION = 1.0;
				PRODUCT_BUNDLE_IDENTIFIER = com.erosLerningAcademy.RickAndMortyCharacters;
				PRODUCT_NAME = "$(TARGET_NAME)";
				SUPPORTED_PLATFORMS = "iphoneos iphonesimulator";
				SUPPORTS_MACCATALYST = NO;
				SUPPORTS_MAC_DESIGNED_FOR_IPHONE_IPAD = NO;
				SWIFT_EMIT_LOC_STRINGS = YES;
				SWIFT_VERSION = 5.0;
				TARGETED_DEVICE_FAMILY = 1;
			};
			name = Debug;
		};
		1491367A27F634110078C921 /* Release */ = {
			isa = XCBuildConfiguration;
			buildSettings = {
				ASSETCATALOG_COMPILER_APPICON_NAME = AppIcon;
				ASSETCATALOG_COMPILER_GLOBAL_ACCENT_COLOR_NAME = AccentColor;
				CODE_SIGN_STYLE = Automatic;
				CURRENT_PROJECT_VERSION = 1;
				DEVELOPMENT_TEAM = 4957F54262;
				GENERATE_INFOPLIST_FILE = YES;
				INFOPLIST_FILE = RickAndMortyCharacters/Resources/Info.plist;
				INFOPLIST_KEY_UIApplicationSupportsIndirectInputEvents = YES;
				INFOPLIST_KEY_UILaunchStoryboardName = LaunchScreen;
				INFOPLIST_KEY_UIStatusBarStyle = UIStatusBarStyleLightContent;
				INFOPLIST_KEY_UISupportedInterfaceOrientations_iPad = "UIInterfaceOrientationPortrait UIInterfaceOrientationPortraitUpsideDown UIInterfaceOrientationLandscapeLeft UIInterfaceOrientationLandscapeRight";
				INFOPLIST_KEY_UISupportedInterfaceOrientations_iPhone = "UIInterfaceOrientationPortrait UIInterfaceOrientationLandscapeLeft UIInterfaceOrientationLandscapeRight";
				IPHONEOS_DEPLOYMENT_TARGET = 13.0;
				LD_RUNPATH_SEARCH_PATHS = (
					"$(inherited)",
					"@executable_path/Frameworks",
				);
				MARKETING_VERSION = 1.0;
				PRODUCT_BUNDLE_IDENTIFIER = com.erosLerningAcademy.RickAndMortyCharacters;
				PRODUCT_NAME = "$(TARGET_NAME)";
				SUPPORTED_PLATFORMS = "iphoneos iphonesimulator";
				SUPPORTS_MACCATALYST = NO;
				SUPPORTS_MAC_DESIGNED_FOR_IPHONE_IPAD = NO;
				SWIFT_EMIT_LOC_STRINGS = YES;
				SWIFT_VERSION = 5.0;
				TARGETED_DEVICE_FAMILY = 1;
			};
			name = Release;
		};
/* End XCBuildConfiguration section */

/* Begin XCConfigurationList section */
		1491365F27F6340C0078C921 /* Build configuration list for PBXProject "RickAndMortyCharacters" */ = {
			isa = XCConfigurationList;
			buildConfigurations = (
				1491367627F634110078C921 /* Debug */,
				1491367727F634110078C921 /* Release */,
			);
			defaultConfigurationIsVisible = 0;
			defaultConfigurationName = Release;
		};
		1491367827F634110078C921 /* Build configuration list for PBXNativeTarget "RickAndMortyCharacters" */ = {
			isa = XCConfigurationList;
			buildConfigurations = (
				1491367927F634110078C921 /* Debug */,
				1491367A27F634110078C921 /* Release */,
			);
			defaultConfigurationIsVisible = 0;
			defaultConfigurationName = Release;
		};
/* End XCConfigurationList section */
	};
	rootObject = 1491365C27F6340C0078C921 /* Project object */;
}
